{
  "name": "floor-planner",
  "version": "1.0.0",
  "lockfileVersion": 1,
  "requires": true,
  "dependencies": {
    "file-saver": {
      "version": "2.0.5",
      "resolved": "https://registry.npmjs.org/file-saver/-/file-saver-2.0.5.tgz",
      "integrity": "sha512-P9bmyZ3h/PRG+Nzga+rbdI4OEpNDzAVyy74uVO9ATgzLK6VtAsYybF/+TOCvrc0MO793d6+42lLyZTw7/ArVzA=="
    },
    "html-to-image": {
      "version": "1.6.2",
      "resolved": "https://registry.npmjs.org/html-to-image/-/html-to-image-1.6.2.tgz",
      "integrity": "sha512-X6X7wJW2KQ+AGqMeBITdntCcQnxBgZY62MdGOi042Y70+0SMe8/iJCzUv8RNaUoXqUjWw5FPyoTDmdGoapTQIQ=="
    },
    "save-html-as-image": {
      "version": "1.5.2",
      "resolved": "https://registry.npmjs.org/save-html-as-image/-/save-html-as-image-1.5.2.tgz",
      "integrity": "sha512-WE4+UBgYWnDOxCtmfvAIOXZE2pPcB0Tuo5gxfcvvHdhJ2dOO6vAIx8mA1PXzK/B3977YrFiYdVPEswp6KrXjHw==",
      "requires": {
        "file-saver": "^2.0.5",
        "html-to-image": "^1.3.21",
        "save-svg-as-png": "^1.4.17"
      }
    },
    "save-svg-as-png": {
      "version": "1.4.17",
      "resolved": "https://registry.npmjs.org/save-svg-as-png/-/save-svg-as-png-1.4.17.tgz",
      "integrity": "sha512-7QDaqJsVhdFPwviCxkgHiGm9omeaMBe1VKbHySWU6oFB2LtnGCcYS13eVoslUgq6VZC6Tjq/HddBd1K6p2PGpA=="
    }
  }
}
